{
  "version": 1,
  "dependencies": {
    "net9.0-windows7.0": {
      "DalamudPackager": {
        "type": "Direct",
        "requested": "[13.1.0, )",
        "resolved": "13.1.0",
        "contentHash": "XdoNhJGyFby5M/sdcRhnc5xTop9PHy+H50PTWpzLhJugjB19EDBiHD/AsiDF66RETM+0qKUdJBZrNuebn7qswQ=="
      },
      "DotNet.ReproducibleBuilds": {
        "type": "Direct",
        "requested": "[1.2.25, )",
        "resolved": "1.2.25",
        "contentHash": "xCXiw7BCxHJ8pF6wPepRUddlh2dlQlbr81gXA72hdk4FLHkKXas7EH/n+fk5UCA/YfMqG1Z6XaPiUjDbUNBUzg=="
      },
      "MessagePack": {
        "type": "Direct",
        "requested": "[3.1.4, )",
        "resolved": "3.1.4",
        "contentHash": "BH0wlHWmVoZpbAPyyt2Awbq30C+ZsS3eHSkYdnyUAbqVJ22fAJDzn2xTieBeoT5QlcBzp61vHcv878YJGfi3mg==",
        "dependencies": {
          "MessagePack.Annotations": "3.1.4",
          "MessagePackAnalyzer": "3.1.4",
          "Microsoft.NET.StringTools": "17.11.4"
        }
      },
      "Microsoft.Data.Sqlite": {
        "type": "Direct",
        "requested": "[9.0.0, )",
        "resolved": "9.0.0",
        "contentHash": "lw6wthgXGx3r/U775k1UkUAWIn0kAT0wj4ZRq0WlhPx4WAOiBsIjgDKgWkXcNTGT0KfHiClkM+tyPVFDvxeObw==",
        "dependencies": {
          "Microsoft.Data.Sqlite.Core": "9.0.0",
          "SQLitePCLRaw.bundle_e_sqlite3": "2.1.10",
          "SQLitePCLRaw.core": "2.1.10"
        }
      },
      "Pidgin": {
        "type": "Direct",
        "requested": "[3.3.0, )",
        "resolved": "3.3.0",
        "contentHash": "2rvIoIogQG1+vqvXCuz1xiAVljaiacG/wCz/TNpN74TzWw+9iSCjhBLf7kVg24sBi6tArRdrcklHq49ovW2NLA=="
      },
      "SixLabors.ImageSharp": {
        "type": "Direct",
        "requested": "[3.1.11, )",
        "resolved": "3.1.11",
        "contentHash": "JfPLyigLthuE50yi6tMt7Amrenr/fA31t2CvJyhy/kQmfulIBAqo5T/YFUSRHtuYPXRSaUHygFeh6Qd933EoSw=="
      },
      "Watson.Lite": {
        "type": "Direct",
        "requested": "[6.3.9, )",
        "resolved": "6.3.9",
        "contentHash": "sDigTY8D8V7W38lfzJGiigf7xZEfp3Kw7XE7VJyeNO9mxOkv+w8HcmCsmORMDhsipDqGU0gMEsPOqORmZzRaWg==",
        "dependencies": {
          "CavemanTcp": "2.0.9",
          "Watson.Core": "6.3.9"
        }
      },
      "CavemanTcp": {
        "type": "Transitive",
        "resolved": "2.0.9",
        "contentHash": "KgIwYhPhGkBTm+wwVAmWonkKPw4xYVnutzzlIeqOLcX1fti+8d+MEGTvbern1smf3S/UpjFjihkf6XRziTddzQ=="
      },
      "IpMatcher": {
        "type": "Transitive",
        "resolved": "1.0.5",
        "contentHash": "WXNlWERj+0GN699AnMNsuJ7PfUAbU4xhOHP3nrNXLHqbOaBxybu25luSYywX1133NSlitA4YkSNmJuyPvea4sw=="
      },
      "MessagePack.Annotations": {
        "type": "Transitive",
        "resolved": "3.1.4",
        "contentHash": "aVWrDAkCdqxwQsz/q0ldPh2EFn48M99YUzE9OvZjMq2RNLKz4o2z88iGFvSvbMqOWRweRvKPHBJZe22PRqzslQ=="
      },
      "MessagePackAnalyzer": {
        "type": "Transitive",
        "resolved": "3.1.4",
        "contentHash": "CTaSsN/liJ7MhLCAB7Z4ZLBNuVGCq9lt2BT/cbrc9vzGv89yK3CqIA+z9T19a11eQYl9etZHL6MQJgCqECRVpg=="
      },
      "Microsoft.Data.Sqlite.Core": {
        "type": "Transitive",
        "resolved": "9.0.0",
        "contentHash": "cFfZjFL+tqzGYw9lB31EkV1IWF5xRQNk2k+MQd+Cf86Gl6zTeAoiZIFw5sRB1Z8OxpEC7nu+nTDsLSjieBAPTw==",
        "dependencies": {
          "SQLitePCLRaw.core": "2.1.10"
        }
      },
      "Microsoft.NET.StringTools": {
        "type": "Transitive",
        "resolved": "17.11.4",
        "contentHash": "mudqUHhNpeqIdJoUx2YDWZO/I9uEDYVowan89R6wsomfnUJQk6HteoQTlNjZDixhT2B4IXMkMtgZtoceIjLRmA=="
      },
      "RegexMatcher": {
        "type": "Transitive",
        "resolved": "1.0.9",
        "contentHash": "RkQGXIrqHjD5h1mqefhgCbkaSdRYNRG5rrbzyw5zeLWiS0K1wq9xR3cNhQdzYR2MsKZ3GN523yRUsEQIMPxh3Q=="
      },
      "SQLitePCLRaw.bundle_e_sqlite3": {
        "type": "Transitive",
        "resolved": "2.1.10",
        "contentHash": "UxWuisvZ3uVcVOLJQv7urM/JiQH+v3TmaJc1BLKl5Dxfm/nTzTUrqswCqg/INiYLi61AXnHo1M1JPmPqqLnAdg==",
        "dependencies": {
          "SQLitePCLRaw.lib.e_sqlite3": "2.1.10",
          "SQLitePCLRaw.provider.e_sqlite3": "2.1.10"
        }
      },
      "SQLitePCLRaw.core": {
        "type": "Transitive",
        "resolved": "2.1.10",
        "contentHash": "Ii8JCbC7oiVclaE/mbDEK000EFIJ+ShRPwAvvV89GOZhQ+ZLtlnSWl6ksCNMKu/VGXA4Nfi2B7LhN/QFN9oBcw==",
        "dependencies": {
          "System.Memory": "4.5.3"
        }
      },
      "SQLitePCLRaw.lib.e_sqlite3": {
        "type": "Transitive",
        "resolved": "2.1.10",
        "contentHash": "mAr69tDbnf3QJpRy2nJz8Qdpebdil00fvycyByR58Cn9eARvR+UiG2Vzsp+4q1tV3ikwiYIjlXCQFc12GfebbA=="
      },
      "SQLitePCLRaw.provider.e_sqlite3": {
        "type": "Transitive",
        "resolved": "2.1.10",
        "contentHash": "uZVTi02C1SxqzgT0HqTWatIbWGb40iIkfc3FpFCpE/r7g6K0PqzDUeefL6P6HPhDtc6BacN3yQysfzP7ks+wSQ==",
        "dependencies": {
          "SQLitePCLRaw.core": "2.1.10"
        }
      },
      "System.Memory": {
        "type": "Transitive",
        "resolved": "4.5.3",
        "contentHash": "3oDzvc/zzetpTKWMShs1AADwZjQ/36HnsufHRPcOjyRAAMLDlu2iD33MBI2opxnezcVUtXyqDXXjoFMOU9c7SA=="
      },
      "System.Text.Json": {
        "type": "Transitive",
        "resolved": "8.0.5",
        "contentHash": "0f1B50Ss7rqxXiaBJyzUu9bWFOO2/zSlifZ/UNMdiIpDYe4cY4LQQicP4nirK1OS31I43rn062UIJ1Q9bpmHpg=="
      },
      "Timestamps": {
        "type": "Transitive",
        "resolved": "1.0.11",
        "contentHash": "SnWhXm3FkEStQGgUTfWMh9mKItNW032o/v8eAtFrOGqG0/ejvPPA1LdLZx0N/qqoY0TH3x11+dO00jeVcM8xNQ=="
      },
      "UrlMatcher": {
        "type": "Transitive",
        "resolved": "3.0.1",
        "contentHash": "hHBZVzFSfikrx4XsRsnCIwmGLgbNKtntnlqf4z+ygcNA6Y/L/J0x5GiZZWfXdTfpxhy5v7mlt2zrZs/L9SvbOA=="
      },
      "Watson.Core": {
        "type": "Transitive",
        "resolved": "6.3.9",
        "contentHash": "hGoadE4SLbko8yxhx5+nxGV8lEVgEquNli87lN6/eOTQEJNpK/Cs+OF0etTgFKZ4p0u5ivetoDxl82Lg6oHZEg==",
        "dependencies": {
          "IpMatcher": "1.0.5",
          "RegexMatcher": "1.0.9",
          "System.Text.Json": "8.0.5",
          "Timestamps": "1.0.11",
          "UrlMatcher": "3.0.1"
        }
      }
    }
  }
}